Microsoft Visual Studio Solution File, Format Version 11.00
# Visual Studio 2008

Project("{2365A345-A475-9FF4-496E-0D0F476262A9}") = "ScubaTrainerVR", "Assembly-CSharp-firstpass.csproj", "{CF1B1F0C-BE25-31E0-FE2E-0FEC70B8FE11}"
EndProject
Project("{2365A345-A475-9FF4-496E-0D0F476262A9}") = "ScubaTrainerVR", "Assembly-CSharp.csproj", "{591227DA-3A14-2209-21E1-F74C0E649940}"
EndProject
Project("{2365A345-A475-9FF4-496E-0D0F476262A9}") = "ScubaTrainerVR", "Assembly-CSharp-Editor.csproj", "{740F2215-D305-BBC2-B44E-85A3FFDB04D8}"
EndProject
Project("{2365A345-A475-9FF4-496E-0D0F476262A9}") = "ScubaTrainerVR", "Assembly-UnityScript.unityproj", "{D3FB37AA-2893-15FA-7681-A754C9B9ADFD}"
EndProject
Global
	GlobalSection(SolutionConfigurationPlatforms) = preSolution
		Debug|Any CPU = Debug|Any CPU
		Release|Any CPU = Release|Any CPU
	EndGlobalSection
	GlobalSection(ProjectConfigurationPlatforms) = postSolution
		{CF1B1F0C-BE25-31E0-FE2E-0FEC70B8FE11}.Debug|Any CPU.ActiveCfg = Debug|Any CPU
		{CF1B1F0C-BE25-31E0-FE2E-0FEC70B8FE11}.Debug|Any CPU.Build.0 = Debug|Any CPU
		{CF1B1F0C-BE25-31E0-FE2E-0FEC70B8FE11}.Release|Any CPU.ActiveCfg = Release|Any CPU
		{CF1B1F0C-BE25-31E0-FE2E-0FEC70B8FE11}.Release|Any CPU.Build.0 = Release|Any CPU
		{591227DA-3A14-2209-21E1-F74C0E649940}.Debug|Any CPU.ActiveCfg = Debug|Any CPU
		{591227DA-3A14-2209-21E1-F74C0E649940}.Debug|Any CPU.Build.0 = Debug|Any CPU
		{591227DA-3A14-2209-21E1-F74C0E649940}.Release|Any CPU.ActiveCfg = Release|Any CPU
		{591227DA-3A14-2209-21E1-F74C0E649940}.Release|Any CPU.Build.0 = Release|Any CPU
		{740F2215-D305-BBC2-B44E-85A3FFDB04D8}.Debug|Any CPU.ActiveCfg = Debug|Any CPU
		{740F2215-D305-BBC2-B44E-85A3FFDB04D8}.Debug|Any CPU.Build.0 = Debug|Any CPU
		{740F2215-D305-BBC2-B44E-85A3FFDB04D8}.Release|Any CPU.ActiveCfg = Release|Any CPU
		{740F2215-D305-BBC2-B44E-85A3FFDB04D8}.Release|Any CPU.Build.0 = Release|Any CPU
		{D3FB37AA-2893-15FA-7681-A754C9B9ADFD}.Debug|Any CPU.ActiveCfg = Debug|Any CPU
		{D3FB37AA-2893-15FA-7681-A754C9B9ADFD}.Debug|Any CPU.Build.0 = Debug|Any CPU
		{D3FB37AA-2893-15FA-7681-A754C9B9ADFD}.Release|Any CPU.ActiveCfg = Release|Any CPU
		{D3FB37AA-2893-15FA-7681-A754C9B9ADFD}.Release|Any CPU.Build.0 = Release|Any CPU
	EndGlobalSection
	GlobalSection(SolutionProperties) = preSolution
		HideSolutionNode = FALSE
	EndGlobalSection
						GlobalSection(MonoDevelopProperties) = preSolution
		StartupItem = Assembly-CSharp.csproj
		Policies = $0
		$0.TextStylePolicy = $1
		$1.inheritsSet = null
		$1.scope = text/x-csharp
		$0.CSharpFormattingPolicy = $2
		$2.inheritsSet = Mono
		$2.inheritsScope = text/x-csharp
		$2.scope = text/x-csharp
		$0.TextStylePolicy = $3
		$3.FileWidth = 120
		$3.TabWidth = 4
		$3.IndentWidth = 4
		$3.EolMarker = Unix
		$3.inheritsSet = Mono
		$3.inheritsScope = text/plain
		$3.scope = text/plain
	EndGlobalSection

EndGlobal
