Microsoft Visual Studio Solution File, Format Version 11.00
# Visual Studio 2008

Project("{D4DB177C-9473-8B72-BF9C-E61E988AB1F1}") = "Ring", "Assembly-CSharp-firstpass.csproj", "{F7EED889-70AF-838D-AA3F-9A7C68E0ED8C}"
EndProject
Project("{D4DB177C-9473-8B72-BF9C-E61E988AB1F1}") = "Ring", "Assembly-CSharp.csproj", "{54067C8F-5156-18D1-1777-7BD82BAD7FE5}"
EndProject
Project("{D4DB177C-9473-8B72-BF9C-E61E988AB1F1}") = "Ring", "Assembly-CSharp-Editor.csproj", "{3CF451F3-3F5F-0D26-DA9C-E6B4B13093C7}"
EndProject
Global
	GlobalSection(SolutionConfigurationPlatforms) = preSolution
		Debug|Any CPU = Debug|Any CPU
		Release|Any CPU = Release|Any CPU
	EndGlobalSection
	GlobalSection(ProjectConfigurationPlatforms) = postSolution
		{F7EED889-70AF-838D-AA3F-9A7C68E0ED8C}.Debug|Any CPU.ActiveCfg = Debug|Any CPU
		{F7EED889-70AF-838D-AA3F-9A7C68E0ED8C}.Debug|Any CPU.Build.0 = Debug|Any CPU
		{F7EED889-70AF-838D-AA3F-9A7C68E0ED8C}.Release|Any CPU.ActiveCfg = Release|Any CPU
		{F7EED889-70AF-838D-AA3F-9A7C68E0ED8C}.Release|Any CPU.Build.0 = Release|Any CPU
		{54067C8F-5156-18D1-1777-7BD82BAD7FE5}.Debug|Any CPU.ActiveCfg = Debug|Any CPU
		{54067C8F-5156-18D1-1777-7BD82BAD7FE5}.Debug|Any CPU.Build.0 = Debug|Any CPU
		{54067C8F-5156-18D1-1777-7BD82BAD7FE5}.Release|Any CPU.ActiveCfg = Release|Any CPU
		{54067C8F-5156-18D1-1777-7BD82BAD7FE5}.Release|Any CPU.Build.0 = Release|Any CPU
		{3CF451F3-3F5F-0D26-DA9C-E6B4B13093C7}.Debug|Any CPU.ActiveCfg = Debug|Any CPU
		{3CF451F3-3F5F-0D26-DA9C-E6B4B13093C7}.Debug|Any CPU.Build.0 = Debug|Any CPU
		{3CF451F3-3F5F-0D26-DA9C-E6B4B13093C7}.Release|Any CPU.ActiveCfg = Release|Any CPU
		{3CF451F3-3F5F-0D26-DA9C-E6B4B13093C7}.Release|Any CPU.Build.0 = Release|Any CPU
	EndGlobalSection
	GlobalSection(SolutionProperties) = preSolution
		HideSolutionNode = FALSE
	EndGlobalSection
									GlobalSection(MonoDevelopProperties) = preSolution
		StartupItem = Assembly-CSharp.csproj
		Policies = $0
		$0.TextStylePolicy = $1
		$1.inheritsSet = null
		$1.scope = text/x-csharp
		$0.CSharpFormattingPolicy = $2
		$2.inheritsSet = Mono
		$2.inheritsScope = text/x-csharp
		$2.scope = text/x-csharp
		$0.TextStylePolicy = $3
		$3.FileWidth = 120
		$3.TabWidth = 4
		$3.IndentWidth = 4
		$3.EolMarker = Unix
		$3.inheritsSet = Mono
		$3.inheritsScope = text/plain
		$3.scope = text/plain
	EndGlobalSection
EndGlobal
